
Microsoft Visual Studio Solution File, Format Version 12.00
# Visual Studio 15
VisualStudioVersion = 15.0.27130.2027
MinimumVisualStudioVersion = 10.0.40219.1
Project("{9A19103F-16F7-4668-BE54-9A1E7A4F7556}") = "DateRegex", "DateRegex\DateRegex.csproj", "{C462D20E-9FF7-41D1-9359-1D07BEBF0F70}"
EndProject
Project("{9A19103F-16F7-4668-BE54-9A1E7A4F7556}") = "RegexChecker", "RegexChecker\RegexChecker.csproj", "{FB53DCB1-7D3F-4522-AE03-2FD8E179EEFE}"
EndProject
Project("{9A19103F-16F7-4668-BE54-9A1E7A4F7556}") = "JSON", "JSON\JSON.csproj", "{4C3F7CC8-A62F-407E-8697-743C4A6907B1}"
EndProject
Project("{9A19103F-16F7-4668-BE54-9A1E7A4F7556}") = "REST API", "REST API\REST API.csproj", "{20CA1FD7-1420-4219-A846-504F214260C3}"
EndProject
Project("{9A19103F-16F7-4668-BE54-9A1E7A4F7556}") = "WebSocketServer", "WebSocketServer\WebSocketServer.csproj", "{8A3EF0DC-49C7-4315-9D29-D74FA7A28CE5}"
EndProject
Project("{2150E333-8FDC-42A3-9474-1A3956D46DE8}") = "WebSocket", "WebSocket", "{01CFBF19-C87D-4EF4-8205-7B3E34054BBE}"
EndProject
Project("{9A19103F-16F7-4668-BE54-9A1E7A4F7556}") = "WebSocketClient", "WebSocketClient\WebSocketClient.csproj", "{A7A80718-4845-4314-AFEF-6B3ACB1EC079}"
EndProject
Project("{FAE04EC0-301F-11D3-BF4B-00C04F79EFBC}") = "ConectedCell", "ConectedCell\ConectedCell.csproj", "{2EE7CE5E-82C8-4B54-98DF-7289143785C7}"
EndProject
Global
	GlobalSection(SolutionConfigurationPlatforms) = preSolution
		Debug|Any CPU = Debug|Any CPU
		Release|Any CPU = Release|Any CPU
	EndGlobalSection
	GlobalSection(ProjectConfigurationPlatforms) = postSolution
		{C462D20E-9FF7-41D1-9359-1D07BEBF0F70}.Debug|Any CPU.ActiveCfg = Debug|Any CPU
		{C462D20E-9FF7-41D1-9359-1D07BEBF0F70}.Debug|Any CPU.Build.0 = Debug|Any CPU
		{C462D20E-9FF7-41D1-9359-1D07BEBF0F70}.Release|Any CPU.ActiveCfg = Release|Any CPU
		{C462D20E-9FF7-41D1-9359-1D07BEBF0F70}.Release|Any CPU.Build.0 = Release|Any CPU
		{FB53DCB1-7D3F-4522-AE03-2FD8E179EEFE}.Debug|Any CPU.ActiveCfg = Debug|Any CPU
		{FB53DCB1-7D3F-4522-AE03-2FD8E179EEFE}.Debug|Any CPU.Build.0 = Debug|Any CPU
		{FB53DCB1-7D3F-4522-AE03-2FD8E179EEFE}.Release|Any CPU.ActiveCfg = Release|Any CPU
		{FB53DCB1-7D3F-4522-AE03-2FD8E179EEFE}.Release|Any CPU.Build.0 = Release|Any CPU
		{4C3F7CC8-A62F-407E-8697-743C4A6907B1}.Debug|Any CPU.ActiveCfg = Debug|Any CPU
		{4C3F7CC8-A62F-407E-8697-743C4A6907B1}.Debug|Any CPU.Build.0 = Debug|Any CPU
		{4C3F7CC8-A62F-407E-8697-743C4A6907B1}.Release|Any CPU.ActiveCfg = Release|Any CPU
		{4C3F7CC8-A62F-407E-8697-743C4A6907B1}.Release|Any CPU.Build.0 = Release|Any CPU
		{20CA1FD7-1420-4219-A846-504F214260C3}.Debug|Any CPU.ActiveCfg = Debug|Any CPU
		{20CA1FD7-1420-4219-A846-504F214260C3}.Debug|Any CPU.Build.0 = Debug|Any CPU
		{20CA1FD7-1420-4219-A846-504F214260C3}.Release|Any CPU.ActiveCfg = Release|Any CPU
		{20CA1FD7-1420-4219-A846-504F214260C3}.Release|Any CPU.Build.0 = Release|Any CPU
		{8A3EF0DC-49C7-4315-9D29-D74FA7A28CE5}.Debug|Any CPU.ActiveCfg = Debug|Any CPU
		{8A3EF0DC-49C7-4315-9D29-D74FA7A28CE5}.Debug|Any CPU.Build.0 = Debug|Any CPU
		{8A3EF0DC-49C7-4315-9D29-D74FA7A28CE5}.Release|Any CPU.ActiveCfg = Release|Any CPU
		{8A3EF0DC-49C7-4315-9D29-D74FA7A28CE5}.Release|Any CPU.Build.0 = Release|Any CPU
		{A7A80718-4845-4314-AFEF-6B3ACB1EC079}.Debug|Any CPU.ActiveCfg = Debug|Any CPU
		{A7A80718-4845-4314-AFEF-6B3ACB1EC079}.Debug|Any CPU.Build.0 = Debug|Any CPU
		{A7A80718-4845-4314-AFEF-6B3ACB1EC079}.Release|Any CPU.ActiveCfg = Release|Any CPU
		{A7A80718-4845-4314-AFEF-6B3ACB1EC079}.Release|Any CPU.Build.0 = Release|Any CPU
		{2EE7CE5E-82C8-4B54-98DF-7289143785C7}.Debug|Any CPU.ActiveCfg = Debug|Any CPU
		{2EE7CE5E-82C8-4B54-98DF-7289143785C7}.Debug|Any CPU.Build.0 = Debug|Any CPU
		{2EE7CE5E-82C8-4B54-98DF-7289143785C7}.Release|Any CPU.ActiveCfg = Release|Any CPU
		{2EE7CE5E-82C8-4B54-98DF-7289143785C7}.Release|Any CPU.Build.0 = Release|Any CPU
	EndGlobalSection
	GlobalSection(SolutionProperties) = preSolution
		HideSolutionNode = FALSE
	EndGlobalSection
	GlobalSection(NestedProjects) = preSolution
		{8A3EF0DC-49C7-4315-9D29-D74FA7A28CE5} = {01CFBF19-C87D-4EF4-8205-7B3E34054BBE}
		{A7A80718-4845-4314-AFEF-6B3ACB1EC079} = {01CFBF19-C87D-4EF4-8205-7B3E34054BBE}
	EndGlobalSection
	GlobalSection(ExtensibilityGlobals) = postSolution
		SolutionGuid = {4893B267-9DF4-4DB7-8DF9-814F598C6F28}
	EndGlobalSection
EndGlobal
